Microsoft Visual Studio Solution File, Format Version 12.00
# Visual Studio Version 17
VisualStudioVersion = 17.5.2.0
MinimumVisualStudioVersion = 10.0.40219.1
Project("{FAE04EC0-301F-11D3-BF4B-00C04F79EFBC}") = "RoutingExercise", "RoutingExercise.csproj", "{9C366DC9-1123-BAA8-C2DB-BF59196B459E}"
EndProject
Global
	GlobalSection(SolutionConfigurationPlatforms) = preSolution
		Debug|Any CPU = Debug|Any CPU
		Release|Any CPU = Release|Any CPU
	EndGlobalSection
	GlobalSection(ProjectConfigurationPlatforms) = postSolution
		{9C366DC9-1123-BAA8-C2DB-BF59196B459E}.Debug|Any CPU.ActiveCfg = Debug|Any CPU
		{9C366DC9-1123-BAA8-C2DB-BF59196B459E}.Debug|Any CPU.Build.0 = Debug|Any CPU
		{9C366DC9-1123-BAA8-C2DB-BF59196B459E}.Release|Any CPU.ActiveCfg = Release|Any CPU
		{9C366DC9-1123-BAA8-C2DB-BF59196B459E}.Release|Any CPU.Build.0 = Release|Any CPU
	EndGlobalSection
	GlobalSection(SolutionProperties) = preSolution
		HideSolutionNode = FALSE
	EndGlobalSection
	GlobalSection(ExtensibilityGlobals) = postSolution
		SolutionGuid = {CE002D47-31A3-4BA1-9D46-D1A321336910}
	EndGlobalSection
EndGlobal
